PODS:
  - Flutter (1.0.0)
  - flutter_embed_unity_2022_3_ios (0.0.1):
    - Flutter

DEPENDENCIES:
  - Flutter (from `Flutter`)
  - flutter_embed_unity_2022_3_ios (from `.symlinks/plugins/flutter_embed_unity_2022_3_ios/ios`)

EXTERNAL SOURCES:
  Flutter:
    :path: Flutter
  flutter_embed_unity_2022_3_ios:
    :path: ".symlinks/plugins/flutter_embed_unity_2022_3_ios/ios"

SPEC CHECKSUMS:
  Flutter: e0871f40cf51350855a761d2e70bf5af5b9b5de7
  flutter_embed_unity_2022_3_ios: f3e973dfc7288e9fd60c884822456e47ba527cf7

PODFILE CHECKSUM: 20e260c9bb3f61194c661a4ba028da86e4f3ed96

COCOAPODS: 1.16.2
